
Microsoft Visual Studio Solution File, Format Version 12.00
# Visual Studio Version 17
VisualStudioVersion = 17.1.32210.238
MinimumVisualStudioVersion = 10.0.40219.1
Project("{FAE04EC0-301F-11D3-BF4B-00C04F79EFBC}") = "RandomProgram", "RandomProgram\RandomProgram.csproj", "{AE5773A6-F49D-4195-A9BC-4875BB88152F}"
EndProject
Global
	GlobalSection(SolutionConfigurationPlatforms) = preSolution
		Debug|Any CPU = Debug|Any CPU
		Release|Any CPU = Release|Any CPU
	EndGlobalSection
	GlobalSection(ProjectConfigurationPlatforms) = postSolution
		{AE5773A6-F49D-4195-A9BC-4875BB88152F}.Debug|Any CPU.ActiveCfg = Debug|Any CPU
		{AE5773A6-F49D-4195-A9BC-4875BB88152F}.Debug|Any CPU.Build.0 = Debug|Any CPU
		{AE5773A6-F49D-4195-A9BC-4875BB88152F}.Release|Any CPU.ActiveCfg = Release|Any CPU
		{AE5773A6-F49D-4195-A9BC-4875BB88152F}.Release|Any CPU.Build.0 = Release|Any CPU
	EndGlobalSection
	GlobalSection(SolutionProperties) = preSolution
		HideSolutionNode = FALSE
	EndGlobalSection
	GlobalSection(ExtensibilityGlobals) = postSolution
		SolutionGuid = {632F8E5F-85CC-4A86-8797-700CE1FE2A89}
	EndGlobalSection
EndGlobal
